<?xml version="1.0" encoding="utf-8"?>
<Project ToolsVersion="4.0" xmlns="http://schemas.microsoft.com/developer/msbuild/2003">
  <ItemGroup>
    <Filter Include="ソース ファイル">
      <UniqueIdentifier>{4FC737F1-C7A5-4376-A066-2A32D752A2FF}</UniqueIdentifier>
      <Extensions>cpp;c;cc;cxx;def;odl;idl;hpj;bat;asm;asmx</Extensions>
    </Filter>
    <Filter Include="ヘッダー ファイル">
      <UniqueIdentifier>{93995380-89BD-4b04-88EB-625FBE52EBFB}</UniqueIdentifier>
      <Extensions>h;hh;hpp;hxx;hm;inl;inc;xsd</Extensions>
    </Filter>
    <Filter Include="リソース ファイル">
      <UniqueIdentifier>{67DA6AB6-F800-4c08-8B7A-83BB121AAD01}</UniqueIdentifier>
      <Extensions>rc;ico;cur;bmp;dlg;rc2;rct;bin;rgs;gif;jpg;jpeg;jpe;resx;tiff;tif;png;wav;mfcribbon-ms</Extensions>
    </Filter>
    <Filter Include="ソース ファイル\GameMain">
      <UniqueIdentifier>{edf8eb9b-3b3c-4181-8068-bdb56eb4a16b}</UniqueIdentifier>
    </Filter>
    <Filter Include="ソース ファイル\GameScene">
      <UniqueIdentifier>{3bf55cf7-d0da-4b36-a40b-a11200f93300}</UniqueIdentifier>
    </Filter>
    <Filter Include="ソース ファイル\GameScene\Gameclear">
      <UniqueIdentifier>{88a59995-3b98-4be4-a23d-fd5504d01ed5}</UniqueIdentifier>
    </Filter>
    <Filter Include="ソース ファイル\GameScene\Gameover">
      <UniqueIdentifier>{a7f2cbe2-efef-4fc9-ab76-ad4252b44f16}</UniqueIdentifier>
    </Filter>
    <Filter Include="ソース ファイル\GameScene\Menu">
      <UniqueIdentifier>{9302bf29-dcd0-4328-b472-51aa1d5498ba}</UniqueIdentifier>
    </Filter>
    <Filter Include="ソース ファイル\GameScene\Operation">
      <UniqueIdentifier>{0f9d501b-f429-4e0b-9042-0571673a0a0c}</UniqueIdentifier>
    </Filter>
    <Filter Include="ソース ファイル\GameScene\Ranking">
      <UniqueIdentifier>{55566316-19aa-41c3-b65f-2d7e6c7b9d21}</UniqueIdentifier>
    </Filter>
    <Filter Include="ソース ファイル\GameScene\Title">
      <UniqueIdentifier>{63edff77-e5d1-4bd7-9f71-e3baab940e05}</UniqueIdentifier>
    </Filter>
    <Filter Include="ソース ファイル\GameMain\Enemy">
      <UniqueIdentifier>{1cf33929-5ca9-4541-a05b-b2f37a9e119f}</UniqueIdentifier>
    </Filter>
    <Filter Include="ソース ファイル\GameMain\Hero">
      <UniqueIdentifier>{a2e75d1a-18fd-4a1a-ac7f-e2805a7de5d7}</UniqueIdentifier>
    </Filter>
    <Filter Include="ソース ファイル\GameMain\gimmick">
      <UniqueIdentifier>{cf6a57cb-5fce-4e08-9904-258e00ab36a7}</UniqueIdentifier>
    </Filter>
  </ItemGroup>
  <ItemGroup>
    <ClInclude Include="GameHead.h">
      <Filter>ヘッダー ファイル</Filter>
    </ClInclude>
    <ClInclude Include="main.h">
      <Filter>ヘッダー ファイル</Filter>
    </ClInclude>
    <ClInclude Include="GameL\Audio.h">
      <Filter>リソース ファイル</Filter>
    </ClInclude>
    <ClInclude Include="GameL\DirectXDevice.h">
      <Filter>リソース ファイル</Filter>
    </ClInclude>
    <ClInclude Include="GameL\DrawFont.h">
      <Filter>リソース ファイル</Filter>
    </ClInclude>
    <ClInclude Include="GameL\DrawTexture.h">
      <Filter>リソース ファイル</Filter>
    </ClInclude>
    <ClInclude Include="GameL\HitBoxManager.h">
      <Filter>リソース ファイル</Filter>
    </ClInclude>
    <ClInclude Include="GameL\MultiThread.h">
      <Filter>リソース ファイル</Filter>
    </ClInclude>
    <ClInclude Include="GameL\SceneManager.h">
      <Filter>リソース ファイル</Filter>
    </ClInclude>
    <ClInclude Include="GameL\SceneObjManager.h">
      <Filter>リソース ファイル</Filter>
    </ClInclude>
    <ClInclude Include="GameL\SetWindow.h">
      <Filter>リソース ファイル</Filter>
    </ClInclude>
    <ClInclude Include="GameL\UserData.h">
      <Filter>リソース ファイル</Filter>
    </ClInclude>
    <ClInclude Include="GameL\WinInputs.h">
      <Filter>リソース ファイル</Filter>
    </ClInclude>
    <ClInclude Include="ObjBlock.h">
      <Filter>ソース ファイル\GameMain</Filter>
    </ClInclude>
    <ClInclude Include="Correction.h">
      <Filter>ソース ファイル\GameMain</Filter>
    </ClInclude>
    <ClInclude Include="SceneMain.h">
      <Filter>ソース ファイル\GameScene</Filter>
    </ClInclude>
    <ClInclude Include="ObjGameClear.h">
      <Filter>ソース ファイル\GameScene\Gameclear</Filter>
    </ClInclude>
    <ClInclude Include="SceneGameClear.h">
      <Filter>ソース ファイル\GameScene\Gameclear</Filter>
    </ClInclude>
    <ClInclude Include="ObjGameOver.h">
      <Filter>ソース ファイル\GameScene\Gameover</Filter>
    </ClInclude>
    <ClInclude Include="SceneGameOver.h">
      <Filter>ソース ファイル\GameScene\Gameover</Filter>
    </ClInclude>
    <ClInclude Include="ObjMenu.h">
      <Filter>ソース ファイル\GameScene\Menu</Filter>
    </ClInclude>
    <ClInclude Include="SceneMenu.h">
      <Filter>ソース ファイル\GameScene\Menu</Filter>
    </ClInclude>
    <ClInclude Include="ObjOperation.h">
      <Filter>ソース ファイル\GameScene\Operation</Filter>
    </ClInclude>
    <ClInclude Include="SceneOperation.h">
      <Filter>ソース ファイル\GameScene\Operation</Filter>
    </ClInclude>
    <ClInclude Include="ObjRanking.h">
      <Filter>ソース ファイル\GameScene\Ranking</Filter>
    </ClInclude>
    <ClInclude Include="SceneRanking.h">
      <Filter>ソース ファイル\GameScene\Ranking</Filter>
    </ClInclude>
    <ClInclude Include="ObjTitle.h">
      <Filter>ソース ファイル\GameScene\Title</Filter>
    </ClInclude>
    <ClInclude Include="SceneTitle.h">
      <Filter>ソース ファイル\GameScene\Title</Filter>
    </ClInclude>
    <ClInclude Include="ObjGold.h">
      <Filter>ソース ファイル\GameMain</Filter>
    </ClInclude>
    <ClInclude Include="ObjRushEnemy.h">
      <Filter>ソース ファイル\GameMain\Enemy</Filter>
    </ClInclude>
    <ClInclude Include="ObjJumpEnemy.h">
      <Filter>ソース ファイル\GameMain\Enemy</Filter>
    </ClInclude>
    <ClInclude Include="ObjCoin.h">
      <Filter>ソース ファイル\GameMain\Hero</Filter>
    </ClInclude>
    <ClInclude Include="ObjHero.h">
      <Filter>ソース ファイル\GameMain\Hero</Filter>
    </ClInclude>
    <ClInclude Include="ObjGolem.h">
      <Filter>ソース ファイル\GameMain\Enemy</Filter>
    </ClInclude>
    <ClInclude Include="Objthorn.h">
      <Filter>ソース ファイル\GameMain\gimmick</Filter>
    </ClInclude>
    <ClInclude Include="Objswitch.h">
      <Filter>ソース ファイル\GameMain\gimmick</Filter>
    </ClInclude>
    <ClInclude Include="hero_hitbox.h">
      <Filter>ソース ファイル\GameMain\Hero</Filter>
    </ClInclude>
    <ClInclude Include="ObjGoal.h">
      <Filter>ソース ファイル\GameMain\gimmick</Filter>
    </ClInclude>
  </ItemGroup>
  <ItemGroup>
    <ClCompile Include="GameL\Audio.cpp">
      <Filter>リソース ファイル</Filter>
    </ClCompile>
    <ClCompile Include="GameL\DirectXDevice.cpp">
      <Filter>リソース ファイル</Filter>
    </ClCompile>
    <ClCompile Include="GameL\DrawFont.cpp">
      <Filter>リソース ファイル</Filter>
    </ClCompile>
    <ClCompile Include="GameL\DrawTexture.cpp">
      <Filter>リソース ファイル</Filter>
    </ClCompile>
    <ClCompile Include="GameL\GameL_Main.cpp">
      <Filter>リソース ファイル</Filter>
    </ClCompile>
    <ClCompile Include="GameL\HitBoxManager.cpp">
      <Filter>リソース ファイル</Filter>
    </ClCompile>
    <ClCompile Include="GameL\MultiThread.cpp">
      <Filter>リソース ファイル</Filter>
    </ClCompile>
    <ClCompile Include="GameL\SceneManager.cpp">
      <Filter>リソース ファイル</Filter>
    </ClCompile>
    <ClCompile Include="GameL\SceneObjManager.cpp">
      <Filter>リソース ファイル</Filter>
    </ClCompile>
    <ClCompile Include="GameL\SetWindow.cpp">
      <Filter>リソース ファイル</Filter>
    </ClCompile>
    <ClCompile Include="GameL\UserData.cpp">
      <Filter>リソース ファイル</Filter>
    </ClCompile>
    <ClCompile Include="GameL\WinInputs.cpp">
      <Filter>リソース ファイル</Filter>
    </ClCompile>
    <ClCompile Include="ObjBlock.cpp">
      <Filter>ソース ファイル\GameMain</Filter>
    </ClCompile>
    <ClCompile Include="Correction.cpp">
      <Filter>ソース ファイル\GameMain</Filter>
    </ClCompile>
    <ClCompile Include="ObjGameClear.cpp">
      <Filter>ソース ファイル\GameScene\Gameclear</Filter>
    </ClCompile>
    <ClCompile Include="SceneGameClear.cpp">
      <Filter>ソース ファイル\GameScene\Gameclear</Filter>
    </ClCompile>
    <ClCompile Include="ObjGameOver.cpp">
      <Filter>ソース ファイル\GameScene\Gameover</Filter>
    </ClCompile>
    <ClCompile Include="SceneGameOver.cpp">
      <Filter>ソース ファイル\GameScene\Gameover</Filter>
    </ClCompile>
    <ClCompile Include="ObjMenu.cpp">
      <Filter>ソース ファイル\GameScene\Menu</Filter>
    </ClCompile>
    <ClCompile Include="SceneMenu.cpp">
      <Filter>ソース ファイル\GameScene\Menu</Filter>
    </ClCompile>
    <ClCompile Include="ObjOperation.cpp">
      <Filter>ソース ファイル\GameScene\Operation</Filter>
    </ClCompile>
    <ClCompile Include="SceneOperation.cpp">
      <Filter>ソース ファイル\GameScene\Operation</Filter>
    </ClCompile>
    <ClCompile Include="SceneRanking.cpp">
      <Filter>ソース ファイル\GameScene\Ranking</Filter>
    </ClCompile>
    <ClCompile Include="ObjRanking.cpp">
      <Filter>ソース ファイル\GameScene\Ranking</Filter>
    </ClCompile>
    <ClCompile Include="SceneMain.cpp">
      <Filter>ソース ファイル\GameScene</Filter>
    </ClCompile>
    <ClCompile Include="SceneTitle.cpp">
      <Filter>ソース ファイル\GameScene\Title</Filter>
    </ClCompile>
    <ClCompile Include="ObjTitle.cpp">
      <Filter>ソース ファイル\GameScene\Title</Filter>
    </ClCompile>
    <ClCompile Include="ObjGold.cpp">
      <Filter>ソース ファイル\GameMain</Filter>
    </ClCompile>
    <ClCompile Include="ObjRushEnemy.cpp">
      <Filter>ソース ファイル\GameMain\Enemy</Filter>
    </ClCompile>
    <ClCompile Include="ObjJumpEnemy.cpp">
      <Filter>ソース ファイル\GameMain\Enemy</Filter>
    </ClCompile>
    <ClCompile Include="ObjCoin.cpp">
      <Filter>ソース ファイル\GameMain\Hero</Filter>
    </ClCompile>
    <ClCompile Include="ObjHero.cpp">
      <Filter>ソース ファイル\GameMain\Hero</Filter>
    </ClCompile>
    <ClCompile Include="ObjGolem.cpp">
      <Filter>ソース ファイル\GameMain\Enemy</Filter>
    </ClCompile>
    <ClCompile Include="Objthorn.cpp">
      <Filter>ソース ファイル\GameMain\gimmick</Filter>
    </ClCompile>
    <ClCompile Include="Objswitch.cpp">
      <Filter>ソース ファイル\GameMain\gimmick</Filter>
    </ClCompile>
    <ClCompile Include="hero_hitbox.cpp">
      <Filter>ソース ファイル\GameMain\Hero</Filter>
    </ClCompile>
    <ClCompile Include="ObjGoal.cpp">
      <Filter>ソース ファイル\GameMain\gimmick</Filter>
    </ClCompile>
  </ItemGroup>
  <ItemGroup>
    <None Include="GameL\Draw2DTex.hlsl">
      <Filter>リソース ファイル</Filter>
    </None>
  </ItemGroup>
</Project>